<?xml version="1.0" encoding="utf-8"?>
<Project ToolsVersion="4.0" xmlns="http://schemas.microsoft.com/developer/msbuild/2003">
  <ItemGroup>
    <Filter Include="리소스 파일">
      <UniqueIdentifier>{67DA6AB6-F800-4c08-8B7A-83BB121AAD01}</UniqueIdentifier>
      <Extensions>rc;ico;cur;bmp;dlg;rc2;rct;bin;rgs;gif;jpg;jpeg;jpe;resx;tiff;tif;png;wav;mfcribbon-ms</Extensions>
    </Filter>
    <Filter Include="Sequence">
      <UniqueIdentifier>{7d673f92-29f9-40ea-bf91-1adab3cb24ff}</UniqueIdentifier>
    </Filter>
    <Filter Include="Sequence\Game">
      <UniqueIdentifier>{ffac4e28-d022-4f43-937a-9fffd6883f37}</UniqueIdentifier>
    </Filter>
    <Filter Include="State">
      <UniqueIdentifier>{f8c5ee32-e3de-4ffd-93bb-93a6ddba159a}</UniqueIdentifier>
    </Filter>
    <Filter Include="Main">
      <UniqueIdentifier>{9d05619b-a21c-4393-9802-4ef2cce7055f}</UniqueIdentifier>
    </Filter>
  </ItemGroup>
  <ItemGroup>
    <ClCompile Include="Sequence\Title.cpp">
      <Filter>Sequence</Filter>
    </ClCompile>
    <ClCompile Include="Sequence\Game\Clear.cpp">
      <Filter>Sequence\Game</Filter>
    </ClCompile>
    <ClCompile Include="Sequence\Game\Play.cpp">
      <Filter>Sequence\Game</Filter>
    </ClCompile>
    <ClCompile Include="Sequence\Parent.cpp">
      <Filter>Sequence</Filter>
    </ClCompile>
    <ClCompile Include="Sequence\Game\GameParent.cpp">
      <Filter>Sequence\Game</Filter>
    </ClCompile>
    <ClCompile Include="Sequence\Game\Failure.cpp">
      <Filter>Sequence\Game</Filter>
    </ClCompile>
    <ClCompile Include="Sequence\Game\Judge.cpp">
      <Filter>Sequence\Game</Filter>
    </ClCompile>
    <ClCompile Include="Sequence\Game\Pause.cpp">
      <Filter>Sequence\Game</Filter>
    </ClCompile>
    <ClCompile Include="Sequence\Game\Ready.cpp">
      <Filter>Sequence\Game</Filter>
    </ClCompile>
    <ClCompile Include="Sequence\GameOver.cpp">
      <Filter>Sequence</Filter>
    </ClCompile>
    <ClCompile Include="Sequence\Ending.cpp">
      <Filter>Sequence</Filter>
    </ClCompile>
    <ClCompile Include="Game\State.cpp">
      <Filter>State</Filter>
    </ClCompile>
    <ClCompile Include="File.cpp">
      <Filter>Main</Filter>
    </ClCompile>
    <ClCompile Include="Image.cpp">
      <Filter>Main</Filter>
    </ClCompile>
    <ClCompile Include="main.cpp">
      <Filter>Main</Filter>
    </ClCompile>
    <ClCompile Include="Game\StaticObject.cpp">
      <Filter>State</Filter>
    </ClCompile>
    <ClCompile Include="Game\DynamicObject.cpp">
      <Filter>State</Filter>
    </ClCompile>
    <ClCompile Include="Game\KeyBoard.cpp">
      <Filter>State</Filter>
    </ClCompile>
    <ClCompile Include="Sequence\Child.cpp">
      <Filter>Sequence</Filter>
    </ClCompile>
    <ClCompile Include="Sequence\Game\GameChild.cpp">
      <Filter>Sequence\Game</Filter>
    </ClCompile>
  </ItemGroup>
  <ItemGroup>
    <ClInclude Include="Sequence\Title.h">
      <Filter>Sequence</Filter>
    </ClInclude>
    <ClInclude Include="Sequence\Game\Clear.h">
      <Filter>Sequence\Game</Filter>
    </ClInclude>
    <ClInclude Include="Sequence\Game\Play.h">
      <Filter>Sequence\Game</Filter>
    </ClInclude>
    <ClInclude Include="Sequence\Parent.h">
      <Filter>Sequence</Filter>
    </ClInclude>
    <ClInclude Include="Sequence\Game\GameParent.h">
      <Filter>Sequence\Game</Filter>
    </ClInclude>
    <ClInclude Include="Sequence\Game\Failure.h">
      <Filter>Sequence\Game</Filter>
    </ClInclude>
    <ClInclude Include="Sequence\Game\Judge.h">
      <Filter>Sequence\Game</Filter>
    </ClInclude>
    <ClInclude Include="Sequence\Game\Ready.h">
      <Filter>Sequence\Game</Filter>
    </ClInclude>
    <ClInclude Include="Sequence\Ending.h">
      <Filter>Sequence</Filter>
    </ClInclude>
    <ClInclude Include="Sequence\GameOver.h">
      <Filter>Sequence</Filter>
    </ClInclude>
    <ClInclude Include="Game\State.h">
      <Filter>State</Filter>
    </ClInclude>
    <ClInclude Include="Array2D.h">
      <Filter>Main</Filter>
    </ClInclude>
    <ClInclude Include="File.h">
      <Filter>Main</Filter>
    </ClInclude>
    <ClInclude Include="Image.h">
      <Filter>Main</Filter>
    </ClInclude>
    <ClInclude Include="Game\StaticObject.h">
      <Filter>State</Filter>
    </ClInclude>
    <ClInclude Include="Game\DynamicObject.h">
      <Filter>State</Filter>
    </ClInclude>
    <ClInclude Include="Sequence\Game\Pause.h">
      <Filter>Sequence\Game</Filter>
    </ClInclude>
    <ClInclude Include="Game\KeyBoard.h">
      <Filter>State</Filter>
    </ClInclude>
    <ClInclude Include="Sequence\Child.h">
      <Filter>Sequence</Filter>
    </ClInclude>
    <ClInclude Include="Sequence\Base.h">
      <Filter>Sequence</Filter>
    </ClInclude>
    <ClInclude Include="Sequence\Game\GameChild.h">
      <Filter>Sequence\Game</Filter>
    </ClInclude>
  </ItemGroup>
  <ItemGroup>
    <None Include="data\image\BakudanBitoImage.dds">
      <Filter>리소스 파일</Filter>
    </None>
    <None Include="data\image\dummy.dds">
      <Filter>리소스 파일</Filter>
    </None>
    <None Include="data\image\font.dds">
      <Filter>리소스 파일</Filter>
    </None>
    <None Include="data\image\nimotsuKunImage2.dds">
      <Filter>리소스 파일</Filter>
    </None>
  </ItemGroup>
</Project>